PODS:
  - Kingfisher (7.12.0)
  - Mobile-Buy-SDK (2025.4.0)

DEPENDENCIES:
  - Kingfisher (~> 7.0)
  - Mobile-Buy-SDK

SPEC REPOS:
  trunk:
    - Kingfisher
    - Mobile-Buy-SDK

SPEC CHECKSUMS:
  Kingfisher: 53a10ea35051a436b5fb626ca2dd8f3144d755e9
  Mobile-Buy-SDK: 484638073ed665fbe4669b5b88f59a32163b0af0

PODFILE CHECKSUM: 760a7c86e47e9df7eade0a9f8bdfbffb928a2e8c

COCOAPODS: 1.16.2
